
Microsoft Visual Studio Solution File, Format Version 12.00
# Visual Studio Version 16
VisualStudioVersion = 16.0.31105.61
MinimumVisualStudioVersion = 10.0.40219.1
Project("{FAE04EC0-301F-11D3-BF4B-00C04F79EFBC}") = "lab16zavd2", "lab16zavd2\lab16zavd2.csproj", "{F122C6D0-0447-4EF5-AED1-1EFACAE21ACA}"
EndProject
Global
	GlobalSection(SolutionConfigurationPlatforms) = preSolution
		Debug|Any CPU = Debug|Any CPU
		Release|Any CPU = Release|Any CPU
	EndGlobalSection
	GlobalSection(ProjectConfigurationPlatforms) = postSolution
		{F122C6D0-0447-4EF5-AED1-1EFACAE21ACA}.Debug|Any CPU.ActiveCfg = Debug|Any CPU
		{F122C6D0-0447-4EF5-AED1-1EFACAE21ACA}.Debug|Any CPU.Build.0 = Debug|Any CPU
		{F122C6D0-0447-4EF5-AED1-1EFACAE21ACA}.Release|Any CPU.ActiveCfg = Release|Any CPU
		{F122C6D0-0447-4EF5-AED1-1EFACAE21ACA}.Release|Any CPU.Build.0 = Release|Any CPU
	EndGlobalSection
	GlobalSection(SolutionProperties) = preSolution
		HideSolutionNode = FALSE
	EndGlobalSection
	GlobalSection(ExtensibilityGlobals) = postSolution
		SolutionGuid = {755213E3-BD1E-4549-805F-749BA8731627}
	EndGlobalSection
EndGlobal
